// !$*UTF8*$!
{
	archiveVersion = 1;
	classes = {
	};
	objectVersion = 46;
	objects = {

/* Begin PBXBuildFile section */
		1636EBABD410549CC1041B9D /* Pods_ios_snapkit_demoTests.framework in Frameworks */ = {isa = PBXBuildFile; fileRef = F69D22362936C017822B6836 /* Pods_ios_snapkit_demoTests.framework */; };
		3CA2AABB661BAA9213E1DE91 /* Pods_ios_snapkit_demo.framework in Frameworks */ = {isa = PBXBuildFile; fileRef = 2CDEB5941D6575020E70449A /* Pods_ios_snapkit_demo.framework */; };
		7995B06D1F01DDC6002B47C3 /* AppDelegate.swift in Sources */ = {isa = PBXBuildFile; fileRef = 7995B06C1F01DDC6002B47C3 /* AppDelegate.swift */; };
		7995B06F1F01DDC6002B47C3 /* ViewController.swift in Sources */ = {isa = PBXBuildFile; fileRef = 7995B06E1F01DDC6002B47C3 /* ViewController.swift */; };
		7995B0721F01DDC6002B47C3 /* Main.storyboard in Resources */ = {isa = PBXBuildFile; fileRef = 7995B0701F01DDC6002B47C3 /* Main.storyboard */; };
		7995B0741F01DDC6002B47C3 /* Assets.xcassets in Resources */ = {isa = PBXBuildFile; fileRef = 7995B0731F01DDC6002B47C3 /* Assets.xcassets */; };
		7995B0771F01DDC6002B47C3 /* LaunchScreen.storyboard in Resources */ = {isa = PBXBuildFile; fileRef = 7995B0751F01DDC6002B47C3 /* LaunchScreen.storyboard */; };
		7995B0821F01DDC6002B47C3 /* ios_snapkit_demoTests.swift in Sources */ = {isa = PBXBuildFile; fileRef = 7995B0811F01DDC6002B47C3 /* ios_snapkit_demoTests.swift */; };
/* End PBXBuildFile section */

/* Begin PBXContainerItemProxy section */
		7995B07E1F01DDC6002B47C3 /* PBXContainerItemProxy */ = {
			isa = PBXContainerItemProxy;
			containerPortal = 7995B0611F01DDC6002B47C3 /* Project object */;
			proxyType = 1;
			remoteGlobalIDString = 7995B0681F01DDC6002B47C3;
			remoteInfo = "ios-snapkit-demo";
		};
/* End PBXContainerItemProxy section */

/* Begin PBXFileReference section */
		0C96351BD6906DF400313215 /* Pods-ios-snapkit-demo.release.xcconfig */ = {isa = PBXFileReference; includeInIndex = 1; lastKnownFileType = text.xcconfig; name = "Pods-ios-snapkit-demo.release.xcconfig"; path = "Pods/Target Support Files/Pods-ios-snapkit-demo/Pods-ios-snapkit-demo.release.xcconfig"; sourceTree = "<group>"; };
		2B233425800534B6E1F3C47D /* Pods-ios-snapkit-demoTests.debug.xcconfig */ = {isa = PBXFileReference; includeInIndex = 1; lastKnownFileType = text.xcconfig; name = "Pods-ios-snapkit-demoTests.debug.xcconfig"; path = "Pods/Target Support Files/Pods-ios-snapkit-demoTests/Pods-ios-snapkit-demoTests.debug.xcconfig"; sourceTree = "<group>"; };
		2CDEB5941D6575020E70449A /* Pods_ios_snapkit_demo.framework */ = {isa = PBXFileReference; explicitFileType = wrapper.framework; includeInIndex = 0; path = Pods_ios_snapkit_demo.framework; sourceTree = BUILT_PRODUCTS_DIR; };
		2E096BCDA95F31580C37C825 /* Pods-ios-snapkit-demo.debug.xcconfig */ = {isa = PBXFileReference; includeInIndex = 1; lastKnownFileType = text.xcconfig; name = "Pods-ios-snapkit-demo.debug.xcconfig"; path = "Pods/Target Support Files/Pods-ios-snapkit-demo/Pods-ios-snapkit-demo.debug.xcconfig"; sourceTree = "<group>"; };
		6F1D863EBF34FD7C35AE2FC2 /* Pods-ios-snapkit-demoTests.release.xcconfig */ = {isa = PBXFileReference; includeInIndex = 1; lastKnownFileType = text.xcconfig; name = "Pods-ios-snapkit-demoTests.release.xcconfig"; path = "Pods/Target Support Files/Pods-ios-snapkit-demoTests/Pods-ios-snapkit-demoTests.release.xcconfig"; sourceTree = "<group>"; };
		7995B0691F01DDC6002B47C3 /* ios-snapkit-demo.app */ = {isa = PBXFileReference; explicitFileType = wrapper.application; includeInIndex = 0; path = "ios-snapkit-demo.app"; sourceTree = BUILT_PRODUCTS_DIR; };
		7995B06C1F01DDC6002B47C3 /* AppDelegate.swift */ = {isa = PBXFileReference; lastKnownFileType = sourcecode.swift; path = AppDelegate.swift; sourceTree = "<group>"; };
		7995B06E1F01DDC6002B47C3 /* ViewController.swift */ = {isa = PBXFileReference; lastKnownFileType = sourcecode.swift; path = ViewController.swift; sourceTree = "<group>"; };
		7995B0711F01DDC6002B47C3 /* Base */ = {isa = PBXFileReference; lastKnownFileType = file.storyboard; name = Base; path = Base.lproj/Main.storyboard; sourceTree = "<group>"; };
		7995B0731F01DDC6002B47C3 /* Assets.xcassets */ = {isa = PBXFileReference; lastKnownFileType = folder.assetcatalog; path = Assets.xcassets; sourceTree = "<group>"; };
		7995B0761F01DDC6002B47C3 /* Base */ = {isa = PBXFileReference; lastKnownFileType = file.storyboard; name = Base; path = Base.lproj/LaunchScreen.storyboard; sourceTree = "<group>"; };
		7995B0781F01DDC6002B47C3 /* Info.plist */ = {isa = PBXFileReference; lastKnownFileType = text.plist.xml; path = Info.plist; sourceTree = "<group>"; };
		7995B07D1F01DDC6002B47C3 /* ios-snapkit-demoTests.xctest */ = {isa = PBXFileReference; explicitFileType = wrapper.cfbundle; includeInIndex = 0; path = "ios-snapkit-demoTests.xctest"; sourceTree = BUILT_PRODUCTS_DIR; };
		7995B0811F01DDC6002B47C3 /* ios_snapkit_demoTests.swift */ = {isa = PBXFileReference; lastKnownFileType = sourcecode.swift; path = ios_snapkit_demoTests.swift; sourceTree = "<group>"; };
		7995B0831F01DDC6002B47C3 /* Info.plist */ = {isa = PBXFileReference; lastKnownFileType = text.plist.xml; path = Info.plist; sourceTree = "<group>"; };
		F69D22362936C017822B6836 /* Pods_ios_snapkit_demoTests.framework */ = {isa = PBXFileReference; explicitFileType = wrapper.framework; includeInIndex = 0; path = Pods_ios_snapkit_demoTests.framework; sourceTree = BUILT_PRODUCTS_DIR; };
/* End PBXFileReference section */

/* Begin PBXFrameworksBuildPhase section */
		7995B0661F01DDC6002B47C3 /* Frameworks */ = {
			isa = PBXFrameworksBuildPhase;
			buildActionMask = 2147483647;
			files = (
				3CA2AABB661BAA9213E1DE91 /* Pods_ios_snapkit_demo.framework in Frameworks */,
			);
			runOnlyForDeploymentPostprocessing = 0;
		};
		7995B07A1F01DDC6002B47C3 /* Frameworks */ = {
			isa = PBXFrameworksBuildPhase;
			buildActionMask = 2147483647;
			files = (
				1636EBABD410549CC1041B9D /* Pods_ios_snapkit_demoTests.framework in Frameworks */,
			);
			runOnlyForDeploymentPostprocessing = 0;
		};
/* End PBXFrameworksBuildPhase section */

/* Begin PBXGroup section */
		264B1E0611D6312A474E6599 /* Frameworks */ = {
			isa = PBXGroup;
			children = (
				2CDEB5941D6575020E70449A /* Pods_ios_snapkit_demo.framework */,
				F69D22362936C017822B6836 /* Pods_ios_snapkit_demoTests.framework */,
			);
			name = Frameworks;
			sourceTree = "<group>";
		};
		7995B0601F01DDC6002B47C3 = {
			isa = PBXGroup;
			children = (
				7995B06B1F01DDC6002B47C3 /* ios-snapkit-demo */,
				7995B0801F01DDC6002B47C3 /* ios-snapkit-demoTests */,
				7995B06A1F01DDC6002B47C3 /* Products */,
				9F56F67F7060D381A41A47C9 /* Pods */,
				264B1E0611D6312A474E6599 /* Frameworks */,
			);
			sourceTree = "<group>";
		};
		7995B06A1F01DDC6002B47C3 /* Products */ = {
			isa = PBXGroup;
			children = (
				7995B0691F01DDC6002B47C3 /* ios-snapkit-demo.app */,
				7995B07D1F01DDC6002B47C3 /* ios-snapkit-demoTests.xctest */,
			);
			name = Products;
			sourceTree = "<group>";
		};
		7995B06B1F01DDC6002B47C3 /* ios-snapkit-demo */ = {
			isa = PBXGroup;
			children = (
				7995B06C1F01DDC6002B47C3 /* AppDelegate.swift */,
				7995B06E1F01DDC6002B47C3 /* ViewController.swift */,
				7995B0701F01DDC6002B47C3 /* Main.storyboard */,
				7995B0731F01DDC6002B47C3 /* Assets.xcassets */,
				7995B0751F01DDC6002B47C3 /* LaunchScreen.storyboard */,
				7995B0781F01DDC6002B47C3 /* Info.plist */,
			);
			path = "ios-snapkit-demo";
			sourceTree = "<group>";
		};
		7995B0801F01DDC6002B47C3 /* ios-snapkit-demoTests */ = {
			isa = PBXGroup;
			children = (
				7995B0811F01DDC6002B47C3 /* ios_snapkit_demoTests.swift */,
				7995B0831F01DDC6002B47C3 /* Info.plist */,
			);
			path = "ios-snapkit-demoTests";
			sourceTree = "<group>";
		};
		9F56F67F7060D381A41A47C9 /* Pods */ = {
			isa = PBXGroup;
			children = (
				2E096BCDA95F31580C37C825 /* Pods-ios-snapkit-demo.debug.xcconfig */,
				0C96351BD6906DF400313215 /* Pods-ios-snapkit-demo.release.xcconfig */,
				2B233425800534B6E1F3C47D /* Pods-ios-snapkit-demoTests.debug.xcconfig */,
				6F1D863EBF34FD7C35AE2FC2 /* Pods-ios-snapkit-demoTests.release.xcconfig */,
			);
			name = Pods;
			sourceTree = "<group>";
		};
/* End PBXGroup section */

/* Begin PBXNativeTarget section */
		7995B0681F01DDC6002B47C3 /* ios-snapkit-demo */ = {
			isa = PBXNativeTarget;
			buildConfigurationList = 7995B0861F01DDC6002B47C3 /* Build configuration list for PBXNativeTarget "ios-snapkit-demo" */;
			buildPhases = (
				554E9C95320215EDF10770A1 /* [CP] Check Pods Manifest.lock */,
				7995B0651F01DDC6002B47C3 /* Sources */,
				7995B0661F01DDC6002B47C3 /* Frameworks */,
				7995B0671F01DDC6002B47C3 /* Resources */,
				A0914EA46032BB9D5B61CAAD /* [CP] Embed Pods Frameworks */,
				F3A1CD1D6D06A9A94DE9625B /* [CP] Copy Pods Resources */,
			);
			buildRules = (
			);
			dependencies = (
			);
			name = "ios-snapkit-demo";
			productName = "ios-snapkit-demo";
			productReference = 7995B0691F01DDC6002B47C3 /* ios-snapkit-demo.app */;
			productType = "com.apple.product-type.application";
		};
		7995B07C1F01DDC6002B47C3 /* ios-snapkit-demoTests */ = {
			isa = PBXNativeTarget;
			buildConfigurationList = 7995B0891F01DDC6002B47C3 /* Build configuration list for PBXNativeTarget "ios-snapkit-demoTests" */;
			buildPhases = (
				D706C2196CA38B8AE5908576 /* [CP] Check Pods Manifest.lock */,
				7995B0791F01DDC6002B47C3 /* Sources */,
				7995B07A1F01DDC6002B47C3 /* Frameworks */,
				7995B07B1F01DDC6002B47C3 /* Resources */,
				CB79E525931799A6C0B8817F /* [CP] Embed Pods Frameworks */,
				B6DF2F37B2578B9AEEBC9DC6 /* [CP] Copy Pods Resources */,
			);
			buildRules = (
			);
			dependencies = (
				7995B07F1F01DDC6002B47C3 /* PBXTargetDependency */,
			);
			name = "ios-snapkit-demoTests";
			productName = "ios-snapkit-demoTests";
			productReference = 7995B07D1F01DDC6002B47C3 /* ios-snapkit-demoTests.xctest */;
			productType = "com.apple.product-type.bundle.unit-test";
		};
/* End PBXNativeTarget section */

/* Begin PBXProject section */
		7995B0611F01DDC6002B47C3 /* Project object */ = {
			isa = PBXProject;
			attributes = {
				LastSwiftUpdateCheck = 0830;
				LastUpgradeCheck = 0830;
				ORGANIZATIONNAME = "Eiji Kushida";
				TargetAttributes = {
					7995B0681F01DDC6002B47C3 = {
						CreatedOnToolsVersion = 8.3.3;
						DevelopmentTeam = PCCZJUYRT6;
						ProvisioningStyle = Automatic;
					};
					7995B07C1F01DDC6002B47C3 = {
						CreatedOnToolsVersion = 8.3.3;
						ProvisioningStyle = Automatic;
						TestTargetID = 7995B0681F01DDC6002B47C3;
					};
				};
			};
			buildConfigurationList = 7995B0641F01DDC6002B47C3 /* Build configuration list for PBXProject "ios-snapkit-demo" */;
			compatibilityVersion = "Xcode 3.2";
			developmentRegion = English;
			hasScannedForEncodings = 0;
			knownRegions = (
				en,
				Base,
			);
			mainGroup = 7995B0601F01DDC6002B47C3;
			productRefGroup = 7995B06A1F01DDC6002B47C3 /* Products */;
			projectDirPath = "";
			projectRoot = "";
			targets = (
				7995B0681F01DDC6002B47C3 /* ios-snapkit-demo */,
				7995B07C1F01DDC6002B47C3 /* ios-snapkit-demoTests */,
			);
		};
/* End PBXProject section */

/* Begin PBXResourcesBuildPhase section */
		7995B0671F01DDC6002B47C3 /* Resources */ = {
			isa = PBXResourcesBuildPhase;
			buildActionMask = 2147483647;
			files = (
				7995B0771F01DDC6002B47C3 /* LaunchScreen.storyboard in Resources */,
				7995B0741F01DDC6002B47C3 /* Assets.xcassets in Resources */,
				7995B0721F01DDC6002B47C3 /* Main.storyboard in Resources */,
			);
			runOnlyForDeploymentPostprocessing = 0;
		};
		7995B07B1F01DDC6002B47C3 /* Resources */ = {
			isa = PBXResourcesBuildPhase;
			buildActionMask = 2147483647;
			files = (
			);
			runOnlyForDeploymentPostprocessing = 0;
		};
/* End PBXResourcesBuildPhase section */

/* Begin PBXShellScriptBuildPhase section */
		554E9C95320215EDF10770A1 /* [CP] Check Pods Manifest.lock */ = {
			isa = PBXShellScriptBuildPhase;
			buildActionMask = 2147483647;
			files = (
			);
			inputPaths = (
			);
			name = "[CP] Check Pods Manifest.lock";
			outputPaths = (
			);
			runOnlyForDeploymentPostprocessing = 0;
			shellPath = /bin/sh;
			shellScript = "diff \"${PODS_PODFILE_DIR_PATH}/Podfile.lock\" \"${PODS_ROOT}/Manifest.lock\" > /dev/null\nif [ $? != 0 ] ; then\n    # print error to STDERR\n    echo \"error: The sandbox is not in sync with the Podfile.lock. Run 'pod install' or update your CocoaPods installation.\" >&2\n    exit 1\nfi\n";
			showEnvVarsInLog = 0;
		};
		A0914EA46032BB9D5B61CAAD /* [CP] Embed Pods Frameworks */ = {
			isa = PBXShellScriptBuildPhase;
			buildActionMask = 2147483647;
			files = (
			);
			inputPaths = (
			);
			name = "[CP] Embed Pods Frameworks";
			outputPaths = (
			);
			runOnlyForDeploymentPostprocessing = 0;
			shellPath = /bin/sh;
			shellScript = "\"${SRCROOT}/Pods/Target Support Files/Pods-ios-snapkit-demo/Pods-ios-snapkit-demo-frameworks.sh\"\n";
			showEnvVarsInLog = 0;
		};
		B6DF2F37B2578B9AEEBC9DC6 /* [CP] Copy Pods Resources */ = {
			isa = PBXShellScriptBuildPhase;
			buildActionMask = 2147483647;
			files = (
			);
			inputPaths = (
			);
			name = "[CP] Copy Pods Resources";
			outputPaths = (
			);
			runOnlyForDeploymentPostprocessing = 0;
			shellPath = /bin/sh;
			shellScript = "\"${SRCROOT}/Pods/Target Support Files/Pods-ios-snapkit-demoTests/Pods-ios-snapkit-demoTests-resources.sh\"\n";
			showEnvVarsInLog = 0;
		};
		CB79E525931799A6C0B8817F /* [CP] Embed Pods Frameworks */ = {
			isa = PBXShellScriptBuildPhase;
			buildActionMask = 2147483647;
			files = (
			);
			inputPaths = (
			);
			name = "[CP] Embed Pods Frameworks";
			outputPaths = (
			);
			runOnlyForDeploymentPostprocessing = 0;
			shellPath = /bin/sh;
			shellScript = "\"${SRCROOT}/Pods/Target Support Files/Pods-ios-snapkit-demoTests/Pods-ios-snapkit-demoTests-frameworks.sh\"\n";
			showEnvVarsInLog = 0;
		};
		D706C2196CA38B8AE5908576 /* [CP] Check Pods Manifest.lock */ = {
			isa = PBXShellScriptBuildPhase;
			buildActionMask = 2147483647;
			files = (
			);
			inputPaths = (
			);
			name = "[CP] Check Pods Manifest.lock";
			outputPaths = (
			);
			runOnlyForDeploymentPostprocessing = 0;
			shellPath = /bin/sh;
			shellScript = "diff \"${PODS_PODFILE_DIR_PATH}/Podfile.lock\" \"${PODS_ROOT}/Manifest.lock\" > /dev/null\nif [ $? != 0 ] ; then\n    # print error to STDERR\n    echo \"error: The sandbox is not in sync with the Podfile.lock. Run 'pod install' or update your CocoaPods installation.\" >&2\n    exit 1\nfi\n";
			showEnvVarsInLog = 0;
		};
		F3A1CD1D6D06A9A94DE9625B /* [CP] Copy Pods Resources */ = {
			isa = PBXShellScriptBuildPhase;
			buildActionMask = 2147483647;
			files = (
			);
			inputPaths = (
			);
			name = "[CP] Copy Pods Resources";
			outputPaths = (
			);
			runOnlyForDeploymentPostprocessing = 0;
			shellPath = /bin/sh;
			shellScript = "\"${SRCROOT}/Pods/Target Support Files/Pods-ios-snapkit-demo/Pods-ios-snapkit-demo-resources.sh\"\n";
			showEnvVarsInLog = 0;
		};
/* End PBXShellScriptBuildPhase section */

/* Begin PBXSourcesBuildPhase section */
		7995B0651F01DDC6002B47C3 /* Sources */ = {
			isa = PBXSourcesBuildPhase;
			buildActionMask = 2147483647;
			files = (
				7995B06F1F01DDC6002B47C3 /* ViewController.swift in Sources */,
				7995B06D1F01DDC6002B47C3 /* AppDelegate.swift in Sources */,
			);
			runOnlyForDeploymentPostprocessing = 0;
		};
		7995B0791F01DDC6002B47C3 /* Sources */ = {
			isa = PBXSourcesBuildPhase;
			buildActionMask = 2147483647;
			files = (
				7995B0821F01DDC6002B47C3 /* ios_snapkit_demoTests.swift in Sources */,
			);
			runOnlyForDeploymentPostprocessing = 0;
		};
/* End PBXSourcesBuildPhase section */

/* Begin PBXTargetDependency section */
		7995B07F1F01DDC6002B47C3 /* PBXTargetDependency */ = {
			isa = PBXTargetDependency;
			target = 7995B0681F01DDC6002B47C3 /* ios-snapkit-demo */;
			targetProxy = 7995B07E1F01DDC6002B47C3 /* PBXContainerItemProxy */;
		};
/* End PBXTargetDependency section */

/* Begin PBXVariantGroup section */
		7995B0701F01DDC6002B47C3 /* Main.storyboard */ = {
			isa = PBXVariantGroup;
			children = (
				7995B0711F01DDC6002B47C3 /* Base */,
			);
			name = Main.storyboard;
			sourceTree = "<group>";
		};
		7995B0751F01DDC6002B47C3 /* LaunchScreen.storyboard */ = {
			isa = PBXVariantGroup;
			children = (
				7995B0761F01DDC6002B47C3 /* Base */,
			);
			name = LaunchScreen.storyboard;
			sourceTree = "<group>";
		};
/* End PBXVariantGroup section */

/* Begin XCBuildConfiguration section */
		7995B0841F01DDC6002B47C3 /* Debug */ = {
			isa = XCBuildConfiguration;
			buildSettings = {
				ALWAYS_SEARCH_USER_PATHS = NO;
				CLANG_ANALYZER_NONNULL = YES;
				CLANG_ANALYZER_NUMBER_OBJECT_CONVERSION = YES_AGGRESSIVE;
				CLANG_CXX_LANGUAGE_STANDARD = "gnu++0x";
				CLANG_CXX_LIBRARY = "libc++";
				CLANG_ENABLE_MODULES = YES;
				CLANG_ENABLE_OBJC_ARC = YES;
				CLANG_WARN_BOOL_CONVERSION = YES;
				CLANG_WARN_CONSTANT_CONVERSION = YES;
				CLANG_WARN_DIRECT_OBJC_ISA_USAGE = YES_ERROR;
				CLANG_WARN_DOCUMENTATION_COMMENTS = YES;
				CLANG_WARN_EMPTY_BODY = YES;
				CLANG_WARN_ENUM_CONVERSION = YES;
				CLANG_WARN_INFINITE_RECURSION = YES;
				CLANG_WARN_INT_CONVERSION = YES;
				CLANG_WARN_OBJC_ROOT_CLASS = YES_ERROR;
				CLANG_WARN_SUSPICIOUS_MOVE = YES;
				CLANG_WARN_UNREACHABLE_CODE = YES;
				CLANG_WARN__DUPLICATE_METHOD_MATCH = YES;
				"CODE_SIGN_IDENTITY[sdk=iphoneos*]" = "iPhone Developer";
				COPY_PHASE_STRIP = NO;
				DEBUG_INFORMATION_FORMAT = dwarf;
				ENABLE_STRICT_OBJC_MSGSEND = YES;
				ENABLE_TESTABILITY = YES;
				GCC_C_LANGUAGE_STANDARD = gnu99;
				GCC_DYNAMIC_NO_PIC = NO;
				GCC_NO_COMMON_BLOCKS = YES;
				GCC_OPTIMIZATION_LEVEL = 0;
				GCC_PREPROCESSOR_DEFINITIONS = (
					"DEBUG=1",
					"$(inherited)",
				);
				GCC_WARN_64_TO_32_BIT_CONVERSION = YES;
				GCC_WARN_ABOUT_RETURN_TYPE = YES_ERROR;
				GCC_WARN_UNDECLARED_SELECTOR = YES;
				GCC_WARN_UNINITIALIZED_AUTOS = YES_AGGRESSIVE;
				GCC_WARN_UNUSED_FUNCTION = YES;
				GCC_WARN_UNUSED_VARIABLE = YES;
				IPHONEOS_DEPLOYMENT_TARGET = 10.3;
				MTL_ENABLE_DEBUG_INFO = YES;
				ONLY_ACTIVE_ARCH = YES;
				SDKROOT = iphoneos;
				SWIFT_ACTIVE_COMPILATION_CONDITIONS = DEBUG;
				SWIFT_OPTIMIZATION_LEVEL = "-Onone";
			};
			name = Debug;
		};
		7995B0851F01DDC6002B47C3 /* Release */ = {
			isa = XCBuildConfiguration;
			buildSettings = {
				ALWAYS_SEARCH_USER_PATHS = NO;
				CLANG_ANALYZER_NONNULL = YES;
				CLANG_ANALYZER_NUMBER_OBJECT_CONVERSION = YES_AGGRESSIVE;
				CLANG_CXX_LANGUAGE_STANDARD = "gnu++0x";
				CLANG_CXX_LIBRARY = "libc++";
				CLANG_ENABLE_MODULES = YES;
				CLANG_ENABLE_OBJC_ARC = YES;
				CLANG_WARN_BOOL_CONVERSION = YES;
				CLANG_WARN_CONSTANT_CONVERSION = YES;
				CLANG_WARN_DIRECT_OBJC_ISA_USAGE = YES_ERROR;
				CLANG_WARN_DOCUMENTATION_COMMENTS = YES;
				CLANG_WARN_EMPTY_BODY = YES;
				CLANG_WARN_ENUM_CONVERSION = YES;
				CLANG_WARN_INFINITE_RECURSION = YES;
				CLANG_WARN_INT_CONVERSION = YES;
				CLANG_WARN_OBJC_ROOT_CLASS = YES_ERROR;
				CLANG_WARN_SUSPICIOUS_MOVE = YES;
				CLANG_WARN_UNREACHABLE_CODE = YES;
				CLANG_WARN__DUPLICATE_METHOD_MATCH = YES;
				"CODE_SIGN_IDENTITY[sdk=iphoneos*]" = "iPhone Developer";
				COPY_PHASE_STRIP = NO;
				DEBUG_INFORMATION_FORMAT = "dwarf-with-dsym";
				ENABLE_NS_ASSERTIONS = NO;
				ENABLE_STRICT_OBJC_MSGSEND = YES;
				GCC_C_LANGUAGE_STANDARD = gnu99;
				GCC_NO_COMMON_BLOCKS = YES;
				GCC_WARN_64_TO_32_BIT_CONVERSION = YES;
				GCC_WARN_ABOUT_RETURN_TYPE = YES_ERROR;
				GCC_WARN_UNDECLARED_SELECTOR = YES;
				GCC_WARN_UNINITIALIZED_AUTOS = YES_AGGRESSIVE;
				GCC_WARN_UNUSED_FUNCTION = YES;
				GCC_WARN_UNUSED_VARIABLE = YES;
				IPHONEOS_DEPLOYMENT_TARGET = 10.3;
				MTL_ENABLE_DEBUG_INFO = NO;
				SDKROOT = iphoneos;
				SWIFT_OPTIMIZATION_LEVEL = "-Owholemodule";
				VALIDATE_PRODUCT = YES;
			};
			name = Release;
		};
		7995B0871F01DDC6002B47C3 /* Debug */ = {
			isa = XCBuildConfiguration;
			baseConfigurationReference = 2E096BCDA95F31580C37C825 /* Pods-ios-snapkit-demo.debug.xcconfig */;
			buildSettings = {
				ASSETCATALOG_COMPILER_APPICON_NAME = AppIcon;
				DEVELOPMENT_TEAM = PCCZJUYRT6;
				INFOPLIST_FILE = "ios-snapkit-demo/Info.plist";
				LD_RUNPATH_SEARCH_PATHS = "$(inherited) @executable_path/Frameworks";
				PRODUCT_BUNDLE_IDENTIFIER = "jp.st-ventures.ios-snapkit-demo";
				PRODUCT_NAME = "$(TARGET_NAME)";
				SWIFT_VERSION = 3.0;
			};
			name = Debug;
		};
		7995B0881F01DDC6002B47C3 /* Release */ = {
			isa = XCBuildConfiguration;
			baseConfigurationReference = 0C96351BD6906DF400313215 /* Pods-ios-snapkit-demo.release.xcconfig */;
			buildSettings = {
				ASSETCATALOG_COMPILER_APPICON_NAME = AppIcon;
				DEVELOPMENT_TEAM = PCCZJUYRT6;
				INFOPLIST_FILE = "ios-snapkit-demo/Info.plist";
				LD_RUNPATH_SEARCH_PATHS = "$(inherited) @executable_path/Frameworks";
				PRODUCT_BUNDLE_IDENTIFIER = "jp.st-ventures.ios-snapkit-demo";
				PRODUCT_NAME = "$(TARGET_NAME)";
				SWIFT_VERSION = 3.0;
			};
			name = Release;
		};
		7995B08A1F01DDC6002B47C3 /* Debug */ = {
			isa = XCBuildConfiguration;
			baseConfigurationReference = 2B233425800534B6E1F3C47D /* Pods-ios-snapkit-demoTests.debug.xcconfig */;
			buildSettings = {
				ALWAYS_EMBED_SWIFT_STANDARD_LIBRARIES = YES;
				BUNDLE_LOADER = "$(TEST_HOST)";
				INFOPLIST_FILE = "ios-snapkit-demoTests/Info.plist";
				LD_RUNPATH_SEARCH_PATHS = "$(inherited) @executable_path/Frameworks @loader_path/Frameworks";
				PRODUCT_BUNDLE_IDENTIFIER = "jp.st-ventures.ios-snapkit-demoTests";
				PRODUCT_NAME = "$(TARGET_NAME)";
				SWIFT_VERSION = 3.0;
				TEST_HOST = "$(BUILT_PRODUCTS_DIR)/ios-snapkit-demo.app/ios-snapkit-demo";
			};
			name = Debug;
		};
		7995B08B1F01DDC6002B47C3 /* Release */ = {
			isa = XCBuildConfiguration;
			baseConfigurationReference = 6F1D863EBF34FD7C35AE2FC2 /* Pods-ios-snapkit-demoTests.release.xcconfig */;
			buildSettings = {
				ALWAYS_EMBED_SWIFT_STANDARD_LIBRARIES = YES;
				BUNDLE_LOADER = "$(TEST_HOST)";
				INFOPLIST_FILE = "ios-snapkit-demoTests/Info.plist";
				LD_RUNPATH_SEARCH_PATHS = "$(inherited) @executable_path/Frameworks @loader_path/Frameworks";
				PRODUCT_BUNDLE_IDENTIFIER = "jp.st-ventures.ios-snapkit-demoTests";
				PRODUCT_NAME = "$(TARGET_NAME)";
				SWIFT_VERSION = 3.0;
				TEST_HOST = "$(BUILT_PRODUCTS_DIR)/ios-snapkit-demo.app/ios-snapkit-demo";
			};
			name = Release;
		};
/* End XCBuildConfiguration section */

/* Begin XCConfigurationList section */
		7995B0641F01DDC6002B47C3 /* Build configuration list for PBXProject "ios-snapkit-demo" */ = {
			isa = XCConfigurationList;
			buildConfigurations = (
				7995B0841F01DDC6002B47C3 /* Debug */,
				7995B0851F01DDC6002B47C3 /* Release */,
			);
			defaultConfigurationIsVisible = 0;
			defaultConfigurationName = Release;
		};
		7995B0861F01DDC6002B47C3 /* Build configuration list for PBXNativeTarget "ios-snapkit-demo" */ = {
			isa = XCConfigurationList;
			buildConfigurations = (
				7995B0871F01DDC6002B47C3 /* Debug */,
				7995B0881F01DDC6002B47C3 /* Release */,
			);
			defaultConfigurationIsVisible = 0;
		};
		7995B0891F01DDC6002B47C3 /* Build configuration list for PBXNativeTarget "ios-snapkit-demoTests" */ = {
			isa = XCConfigurationList;
			buildConfigurations = (
				7995B08A1F01DDC6002B47C3 /* Debug */,
				7995B08B1F01DDC6002B47C3 /* Release */,
			);
			defaultConfigurationIsVisible = 0;
		};
/* End XCConfigurationList section */
	};
	rootObject = 7995B0611F01DDC6002B47C3 /* Project object */;
}
